
Microsoft Visual Studio Solution File, Format Version 11.00
# Visual Studio 2010
Project("{FAE04EC0-301F-11D3-BF4B-00C04F79EFBC}") = "LinFu.AOP.Examples", "LinFu.AOP.Examples\LinFu.AOP.Examples.csproj", "{D0307275-B0FE-439D-B2E5-631A8657D646}"
EndProject
Project("{FAE04EC0-301F-11D3-BF4B-00C04F79EFBC}") = "SampleLibrary", "SampleLibrary\SampleLibrary.csproj", "{4776BF36-59DD-4929-9FAC-EF01E4B4799C}"
EndProject
Global
	GlobalSection(SolutionConfigurationPlatforms) = preSolution
		Debug|Any CPU = Debug|Any CPU
		Debug|Mixed Platforms = Debug|Mixed Platforms
		Debug|x86 = Debug|x86
		Release|Any CPU = Release|Any CPU
		Release|Mixed Platforms = Release|Mixed Platforms
		Release|x86 = Release|x86
	EndGlobalSection
	GlobalSection(ProjectConfigurationPlatforms) = postSolution
		{D0307275-B0FE-439D-B2E5-631A8657D646}.Debug|Any CPU.ActiveCfg = Debug|x86
		{D0307275-B0FE-439D-B2E5-631A8657D646}.Debug|Mixed Platforms.ActiveCfg = Debug|x86
		{D0307275-B0FE-439D-B2E5-631A8657D646}.Debug|Mixed Platforms.Build.0 = Debug|x86
		{D0307275-B0FE-439D-B2E5-631A8657D646}.Debug|x86.ActiveCfg = Debug|x86
		{D0307275-B0FE-439D-B2E5-631A8657D646}.Debug|x86.Build.0 = Debug|x86
		{D0307275-B0FE-439D-B2E5-631A8657D646}.Release|Any CPU.ActiveCfg = Release|x86
		{D0307275-B0FE-439D-B2E5-631A8657D646}.Release|Mixed Platforms.ActiveCfg = Release|x86
		{D0307275-B0FE-439D-B2E5-631A8657D646}.Release|Mixed Platforms.Build.0 = Release|x86
		{D0307275-B0FE-439D-B2E5-631A8657D646}.Release|x86.ActiveCfg = Release|x86
		{D0307275-B0FE-439D-B2E5-631A8657D646}.Release|x86.Build.0 = Release|x86
		{4776BF36-59DD-4929-9FAC-EF01E4B4799C}.Debug|Any CPU.ActiveCfg = Debug|Any CPU
		{4776BF36-59DD-4929-9FAC-EF01E4B4799C}.Debug|Any CPU.Build.0 = Debug|Any CPU
		{4776BF36-59DD-4929-9FAC-EF01E4B4799C}.Debug|Mixed Platforms.ActiveCfg = Debug|Any CPU
		{4776BF36-59DD-4929-9FAC-EF01E4B4799C}.Debug|Mixed Platforms.Build.0 = Debug|Any CPU
		{4776BF36-59DD-4929-9FAC-EF01E4B4799C}.Debug|x86.ActiveCfg = Debug|Any CPU
		{4776BF36-59DD-4929-9FAC-EF01E4B4799C}.Release|Any CPU.ActiveCfg = Release|Any CPU
		{4776BF36-59DD-4929-9FAC-EF01E4B4799C}.Release|Any CPU.Build.0 = Release|Any CPU
		{4776BF36-59DD-4929-9FAC-EF01E4B4799C}.Release|Mixed Platforms.ActiveCfg = Release|Any CPU
		{4776BF36-59DD-4929-9FAC-EF01E4B4799C}.Release|Mixed Platforms.Build.0 = Release|Any CPU
		{4776BF36-59DD-4929-9FAC-EF01E4B4799C}.Release|x86.ActiveCfg = Release|Any CPU
	EndGlobalSection
	GlobalSection(SolutionProperties) = preSolution
		HideSolutionNode = FALSE
	EndGlobalSection
EndGlobal
